
Microsoft Visual Studio Solution File, Format Version 12.00
# Visual Studio Version 17
VisualStudioVersion = 17.8.34330.188
MinimumVisualStudioVersion = 10.0.40219.1
Project("{888888A0-9F3D-457C-B088-3A5042F75D52}") = "CIS261 Course Project", "CIS261 Course Project.\CIS261 Course Project.pyproj", "{ACBA701D-0870-474D-85ED-8F6CA2B1D8F6}"
EndProject
Global
	GlobalSection(SolutionConfigurationPlatforms) = preSolution
		Debug|Any CPU = Debug|Any CPU
		Release|Any CPU = Release|Any CPU
	EndGlobalSection
	GlobalSection(ProjectConfigurationPlatforms) = postSolution
		{ACBA701D-0870-474D-85ED-8F6CA2B1D8F6}.Debug|Any CPU.ActiveCfg = Debug|Any CPU
		{ACBA701D-0870-474D-85ED-8F6CA2B1D8F6}.Release|Any CPU.ActiveCfg = Release|Any CPU
	EndGlobalSection
	GlobalSection(SolutionProperties) = preSolution
		HideSolutionNode = FALSE
	EndGlobalSection
	GlobalSection(ExtensibilityGlobals) = postSolution
		SolutionGuid = {F475E4F2-9BBA-47ED-B356-C677E38E25DC}
	EndGlobalSection
EndGlobal
